
Microsoft Visual Studio Solution File, Format Version 12.00
# Visual Studio Version 17
VisualStudioVersion = 17.14.36414.22
MinimumVisualStudioVersion = 10.0.40219.1
Project("{FAE04EC0-301F-11D3-BF4B-00C04F79EFBC}") = "Validacao_1.Shared", "Validacao_1\Validacao_1.Shared\Validacao_1.Shared.csproj", "{79069F66-2988-4C0B-AEE1-1B1B21FA870E}"
EndProject
Project("{FAE04EC0-301F-11D3-BF4B-00C04F79EFBC}") = "Validacao_1.Web", "Validacao_1\Validacao_1.Web\Validacao_1.Web.csproj", "{D4C1ED3E-6C58-4944-A0BE-861482C951C1}"
EndProject
Global
	GlobalSection(SolutionConfigurationPlatforms) = preSolution
		Debug|Any CPU = Debug|Any CPU
		Release|Any CPU = Release|Any CPU
	EndGlobalSection
	GlobalSection(ProjectConfigurationPlatforms) = postSolution
		{79069F66-2988-4C0B-AEE1-1B1B21FA870E}.Debug|Any CPU.ActiveCfg = Debug|Any CPU
		{79069F66-2988-4C0B-AEE1-1B1B21FA870E}.Debug|Any CPU.Build.0 = Debug|Any CPU
		{79069F66-2988-4C0B-AEE1-1B1B21FA870E}.Release|Any CPU.ActiveCfg = Release|Any CPU
		{79069F66-2988-4C0B-AEE1-1B1B21FA870E}.Release|Any CPU.Build.0 = Release|Any CPU
		{D4C1ED3E-6C58-4944-A0BE-861482C951C1}.Debug|Any CPU.ActiveCfg = Debug|Any CPU
		{D4C1ED3E-6C58-4944-A0BE-861482C951C1}.Debug|Any CPU.Build.0 = Debug|Any CPU
		{D4C1ED3E-6C58-4944-A0BE-861482C951C1}.Release|Any CPU.ActiveCfg = Release|Any CPU
		{D4C1ED3E-6C58-4944-A0BE-861482C951C1}.Release|Any CPU.Build.0 = Release|Any CPU
	EndGlobalSection
	GlobalSection(SolutionProperties) = preSolution
		HideSolutionNode = FALSE
	EndGlobalSection
	GlobalSection(ExtensibilityGlobals) = postSolution
		SolutionGuid = {FC9FE9EE-5772-4ADA-9ABD-C693E19329EC}
	EndGlobalSection
EndGlobal
